
Microsoft Visual Studio Solution File, Format Version 12.00
# Visual Studio 14
VisualStudioVersion = 14.0.25420.1
MinimumVisualStudioVersion = 10.0.40219.1
Project("{FAE04EC0-301F-11D3-BF4B-00C04F79EFBC}") = "DAL", "DAL\DAL.csproj", "{C9BD2298-9216-4119-A566-49BAE5C8592A}"
EndProject
Project("{FAE04EC0-301F-11D3-BF4B-00C04F79EFBC}") = "BLL", "BLL\BLL.csproj", "{00E47CF3-58E3-473F-8F13-127262622506}"
EndProject
Project("{FAE04EC0-301F-11D3-BF4B-00C04F79EFBC}") = "Entities", "Entities\Entities.csproj", "{69578F67-9A11-49FF-8C28-E1EA7C2A079C}"
EndProject
Project("{FAE04EC0-301F-11D3-BF4B-00C04F79EFBC}") = "MVC", "MVC\MVC.csproj", "{211EF218-F8C0-4310-9A26-71B68D9819C3}"
EndProject
Global
	GlobalSection(SolutionConfigurationPlatforms) = preSolution
		Debug|Any CPU = Debug|Any CPU
		Release|Any CPU = Release|Any CPU
	EndGlobalSection
	GlobalSection(ProjectConfigurationPlatforms) = postSolution
		{C9BD2298-9216-4119-A566-49BAE5C8592A}.Debug|Any CPU.ActiveCfg = Debug|Any CPU
		{C9BD2298-9216-4119-A566-49BAE5C8592A}.Debug|Any CPU.Build.0 = Debug|Any CPU
		{C9BD2298-9216-4119-A566-49BAE5C8592A}.Release|Any CPU.ActiveCfg = Release|Any CPU
		{C9BD2298-9216-4119-A566-49BAE5C8592A}.Release|Any CPU.Build.0 = Release|Any CPU
		{00E47CF3-58E3-473F-8F13-127262622506}.Debug|Any CPU.ActiveCfg = Debug|Any CPU
		{00E47CF3-58E3-473F-8F13-127262622506}.Debug|Any CPU.Build.0 = Debug|Any CPU
		{00E47CF3-58E3-473F-8F13-127262622506}.Release|Any CPU.ActiveCfg = Release|Any CPU
		{00E47CF3-58E3-473F-8F13-127262622506}.Release|Any CPU.Build.0 = Release|Any CPU
		{69578F67-9A11-49FF-8C28-E1EA7C2A079C}.Debug|Any CPU.ActiveCfg = Debug|Any CPU
		{69578F67-9A11-49FF-8C28-E1EA7C2A079C}.Debug|Any CPU.Build.0 = Debug|Any CPU
		{69578F67-9A11-49FF-8C28-E1EA7C2A079C}.Release|Any CPU.ActiveCfg = Release|Any CPU
		{69578F67-9A11-49FF-8C28-E1EA7C2A079C}.Release|Any CPU.Build.0 = Release|Any CPU
		{211EF218-F8C0-4310-9A26-71B68D9819C3}.Debug|Any CPU.ActiveCfg = Debug|Any CPU
		{211EF218-F8C0-4310-9A26-71B68D9819C3}.Debug|Any CPU.Build.0 = Debug|Any CPU
		{211EF218-F8C0-4310-9A26-71B68D9819C3}.Release|Any CPU.ActiveCfg = Release|Any CPU
		{211EF218-F8C0-4310-9A26-71B68D9819C3}.Release|Any CPU.Build.0 = Release|Any CPU
	EndGlobalSection
	GlobalSection(SolutionProperties) = preSolution
		HideSolutionNode = FALSE
	EndGlobalSection
EndGlobal
